
Microsoft Visual Studio Solution File, Format Version 12.00
# Visual Studio Version 17
VisualStudioVersion = 17.10.35013.160
MinimumVisualStudioVersion = 10.0.40219.1
Project("{FAE04EC0-301F-11D3-BF4B-00C04F79EFBC}") = "plan-it-all", "plan-it-all.csproj", "{AF60740A-BF0C-4D24-8B27-74FA644F9462}"
EndProject
Global
	GlobalSection(SolutionConfigurationPlatforms) = preSolution
		Debug|Any CPU = Debug|Any CPU
		Release|Any CPU = Release|Any CPU
	EndGlobalSection
	GlobalSection(ProjectConfigurationPlatforms) = postSolution
		{AF60740A-BF0C-4D24-8B27-74FA644F9462}.Debug|Any CPU.ActiveCfg = Debug|Any CPU
		{AF60740A-BF0C-4D24-8B27-74FA644F9462}.Debug|Any CPU.Build.0 = Debug|Any CPU
		{AF60740A-BF0C-4D24-8B27-74FA644F9462}.Release|Any CPU.ActiveCfg = Release|Any CPU
		{AF60740A-BF0C-4D24-8B27-74FA644F9462}.Release|Any CPU.Build.0 = Release|Any CPU
	EndGlobalSection
	GlobalSection(SolutionProperties) = preSolution
		HideSolutionNode = FALSE
	EndGlobalSection
	GlobalSection(ExtensibilityGlobals) = postSolution
		SolutionGuid = {A75FF1E7-650C-4063-8C08-A314768D0E6F}
	EndGlobalSection
EndGlobal
